
Microsoft Visual Studio Solution File, Format Version 12.00
# Visual Studio 2012
Project("{FAE04EC0-301F-11D3-BF4B-00C04F79EFBC}") = "AppotaSDKSample", "AppotaSDKSample\AppotaSDKSample.csproj", "{2CFA4C8F-ADE7-4B9B-AB85-798583CAC04D}"
EndProject
Global
	GlobalSection(SolutionConfigurationPlatforms) = preSolution
		Debug|Any CPU = Debug|Any CPU
		Debug|ARM = Debug|ARM
		Debug|x86 = Debug|x86
		Release|Any CPU = Release|Any CPU
		Release|ARM = Release|ARM
		Release|x86 = Release|x86
	EndGlobalSection
	GlobalSection(ProjectConfigurationPlatforms) = postSolution
		{2CFA4C8F-ADE7-4B9B-AB85-798583CAC04D}.Debug|Any CPU.ActiveCfg = Debug|Any CPU
		{2CFA4C8F-ADE7-4B9B-AB85-798583CAC04D}.Debug|Any CPU.Build.0 = Debug|Any CPU
		{2CFA4C8F-ADE7-4B9B-AB85-798583CAC04D}.Debug|Any CPU.Deploy.0 = Debug|Any CPU
		{2CFA4C8F-ADE7-4B9B-AB85-798583CAC04D}.Debug|ARM.ActiveCfg = Debug|ARM
		{2CFA4C8F-ADE7-4B9B-AB85-798583CAC04D}.Debug|ARM.Build.0 = Debug|ARM
		{2CFA4C8F-ADE7-4B9B-AB85-798583CAC04D}.Debug|ARM.Deploy.0 = Debug|ARM
		{2CFA4C8F-ADE7-4B9B-AB85-798583CAC04D}.Debug|x86.ActiveCfg = Debug|x86
		{2CFA4C8F-ADE7-4B9B-AB85-798583CAC04D}.Debug|x86.Build.0 = Debug|x86
		{2CFA4C8F-ADE7-4B9B-AB85-798583CAC04D}.Debug|x86.Deploy.0 = Debug|x86
		{2CFA4C8F-ADE7-4B9B-AB85-798583CAC04D}.Release|Any CPU.ActiveCfg = Release|Any CPU
		{2CFA4C8F-ADE7-4B9B-AB85-798583CAC04D}.Release|Any CPU.Build.0 = Release|Any CPU
		{2CFA4C8F-ADE7-4B9B-AB85-798583CAC04D}.Release|Any CPU.Deploy.0 = Release|Any CPU
		{2CFA4C8F-ADE7-4B9B-AB85-798583CAC04D}.Release|ARM.ActiveCfg = Release|ARM
		{2CFA4C8F-ADE7-4B9B-AB85-798583CAC04D}.Release|ARM.Build.0 = Release|ARM
		{2CFA4C8F-ADE7-4B9B-AB85-798583CAC04D}.Release|ARM.Deploy.0 = Release|ARM
		{2CFA4C8F-ADE7-4B9B-AB85-798583CAC04D}.Release|x86.ActiveCfg = Release|x86
		{2CFA4C8F-ADE7-4B9B-AB85-798583CAC04D}.Release|x86.Build.0 = Release|x86
		{2CFA4C8F-ADE7-4B9B-AB85-798583CAC04D}.Release|x86.Deploy.0 = Release|x86
	EndGlobalSection
	GlobalSection(SolutionProperties) = preSolution
		HideSolutionNode = FALSE
	EndGlobalSection
EndGlobal
